
Microsoft Visual Studio Solution File, Format Version 12.00
# Visual Studio 15
VisualStudioVersion = 15.0.26228.9
MinimumVisualStudioVersion = 10.0.40219.1
Project("{FAE04EC0-301F-11D3-BF4B-00C04F79EFBC}") = "RegistroDocente.Android", "RegistroDocente\RegistroDocente.Android\RegistroDocente.Android.csproj", "{644C9E1F-7A20-4A68-A840-AA84B5B0D390}"
EndProject
Project("{FAE04EC0-301F-11D3-BF4B-00C04F79EFBC}") = "RegistroDocente", "RegistroDocente\RegistroDocente\RegistroDocente.csproj", "{AED2251B-D754-4526-8DC5-DB57D2D1C630}"
EndProject
Project("{FAE04EC0-301F-11D3-BF4B-00C04F79EFBC}") = "RegistroDocente.UWP", "RegistroDocente\RegistroDocente.UWP\RegistroDocente.UWP.csproj", "{9D2A34E4-8187-4D62-93B2-9A4895C65187}"
EndProject
Project("{FAE04EC0-301F-11D3-BF4B-00C04F79EFBC}") = "RegistroDocente.iOS", "RegistroDocente\RegistroDocente.iOS\RegistroDocente.iOS.csproj", "{2C76E8D7-74C0-4F8B-929B-1C450EFE684F}"
EndProject
Global
	GlobalSection(SolutionConfigurationPlatforms) = preSolution
		Ad-Hoc|Any CPU = Ad-Hoc|Any CPU
		Ad-Hoc|ARM = Ad-Hoc|ARM
		Ad-Hoc|iPhone = Ad-Hoc|iPhone
		Ad-Hoc|iPhoneSimulator = Ad-Hoc|iPhoneSimulator
		Ad-Hoc|x64 = Ad-Hoc|x64
		Ad-Hoc|x86 = Ad-Hoc|x86
		AppStore|Any CPU = AppStore|Any CPU
		AppStore|ARM = AppStore|ARM
		AppStore|iPhone = AppStore|iPhone
		AppStore|iPhoneSimulator = AppStore|iPhoneSimulator
		AppStore|x64 = AppStore|x64
		AppStore|x86 = AppStore|x86
		Debug|Any CPU = Debug|Any CPU
		Debug|ARM = Debug|ARM
		Debug|iPhone = Debug|iPhone
		Debug|iPhoneSimulator = Debug|iPhoneSimulator
		Debug|x64 = Debug|x64
		Debug|x86 = Debug|x86
		Release|Any CPU = Release|Any CPU
		Release|ARM = Release|ARM
		Release|iPhone = Release|iPhone
		Release|iPhoneSimulator = Release|iPhoneSimulator
		Release|x64 = Release|x64
		Release|x86 = Release|x86
	EndGlobalSection
	GlobalSection(ProjectConfigurationPlatforms) = postSolution
		{644C9E1F-7A20-4A68-A840-AA84B5B0D390}.Ad-Hoc|Any CPU.ActiveCfg = Release|Any CPU
		{644C9E1F-7A20-4A68-A840-AA84B5B0D390}.Ad-Hoc|Any CPU.Build.0 = Release|Any CPU
		{644C9E1F-7A20-4A68-A840-AA84B5B0D390}.Ad-Hoc|Any CPU.Deploy.0 = Release|Any CPU
		{644C9E1F-7A20-4A68-A840-AA84B5B0D390}.Ad-Hoc|ARM.ActiveCfg = Release|Any CPU
		{644C9E1F-7A20-4A68-A840-AA84B5B0D390}.Ad-Hoc|ARM.Build.0 = Release|Any CPU
		{644C9E1F-7A20-4A68-A840-AA84B5B0D390}.Ad-Hoc|ARM.Deploy.0 = Release|Any CPU
		{644C9E1F-7A20-4A68-A840-AA84B5B0D390}.Ad-Hoc|iPhone.ActiveCfg = Release|Any CPU
		{644C9E1F-7A20-4A68-A840-AA84B5B0D390}.Ad-Hoc|iPhone.Build.0 = Release|Any CPU
		{644C9E1F-7A20-4A68-A840-AA84B5B0D390}.Ad-Hoc|iPhone.Deploy.0 = Release|Any CPU
		{644C9E1F-7A20-4A68-A840-AA84B5B0D390}.Ad-Hoc|iPhoneSimulator.ActiveCfg = Release|Any CPU
		{644C9E1F-7A20-4A68-A840-AA84B5B0D390}.Ad-Hoc|iPhoneSimulator.Build.0 = Release|Any CPU
		{644C9E1F-7A20-4A68-A840-AA84B5B0D390}.Ad-Hoc|iPhoneSimulator.Deploy.0 = Release|Any CPU
		{644C9E1F-7A20-4A68-A840-AA84B5B0D390}.Ad-Hoc|x64.ActiveCfg = Release|Any CPU
		{644C9E1F-7A20-4A68-A840-AA84B5B0D390}.Ad-Hoc|x64.Build.0 = Release|Any CPU
		{644C9E1F-7A20-4A68-A840-AA84B5B0D390}.Ad-Hoc|x64.Deploy.0 = Release|Any CPU
		{644C9E1F-7A20-4A68-A840-AA84B5B0D390}.Ad-Hoc|x86.ActiveCfg = Release|Any CPU
		{644C9E1F-7A20-4A68-A840-AA84B5B0D390}.Ad-Hoc|x86.Build.0 = Release|Any CPU
		{644C9E1F-7A20-4A68-A840-AA84B5B0D390}.Ad-Hoc|x86.Deploy.0 = Release|Any CPU
		{644C9E1F-7A20-4A68-A840-AA84B5B0D390}.AppStore|Any CPU.ActiveCfg = Release|Any CPU
		{644C9E1F-7A20-4A68-A840-AA84B5B0D390}.AppStore|Any CPU.Build.0 = Release|Any CPU
		{644C9E1F-7A20-4A68-A840-AA84B5B0D390}.AppStore|Any CPU.Deploy.0 = Release|Any CPU
		{644C9E1F-7A20-4A68-A840-AA84B5B0D390}.AppStore|ARM.ActiveCfg = Release|Any CPU
		{644C9E1F-7A20-4A68-A840-AA84B5B0D390}.AppStore|ARM.Build.0 = Release|Any CPU
		{644C9E1F-7A20-4A68-A840-AA84B5B0D390}.AppStore|ARM.Deploy.0 = Release|Any CPU
		{644C9E1F-7A20-4A68-A840-AA84B5B0D390}.AppStore|iPhone.ActiveCfg = Release|Any CPU
		{644C9E1F-7A20-4A68-A840-AA84B5B0D390}.AppStore|iPhone.Build.0 = Release|Any CPU
		{644C9E1F-7A20-4A68-A840-AA84B5B0D390}.AppStore|iPhone.Deploy.0 = Release|Any CPU
		{644C9E1F-7A20-4A68-A840-AA84B5B0D390}.AppStore|iPhoneSimulator.ActiveCfg = Release|Any CPU
		{644C9E1F-7A20-4A68-A840-AA84B5B0D390}.AppStore|iPhoneSimulator.Build.0 = Release|Any CPU
		{644C9E1F-7A20-4A68-A840-AA84B5B0D390}.AppStore|iPhoneSimulator.Deploy.0 = Release|Any CPU
		{644C9E1F-7A20-4A68-A840-AA84B5B0D390}.AppStore|x64.ActiveCfg = Release|Any CPU
		{644C9E1F-7A20-4A68-A840-AA84B5B0D390}.AppStore|x64.Build.0 = Release|Any CPU
		{644C9E1F-7A20-4A68-A840-AA84B5B0D390}.AppStore|x64.Deploy.0 = Release|Any CPU
		{644C9E1F-7A20-4A68-A840-AA84B5B0D390}.AppStore|x86.ActiveCfg = Release|Any CPU
		{644C9E1F-7A20-4A68-A840-AA84B5B0D390}.AppStore|x86.Build.0 = Release|Any CPU
		{644C9E1F-7A20-4A68-A840-AA84B5B0D390}.AppStore|x86.Deploy.0 = Release|Any CPU
		{644C9E1F-7A20-4A68-A840-AA84B5B0D390}.Debug|Any CPU.ActiveCfg = Debug|Any CPU
		{644C9E1F-7A20-4A68-A840-AA84B5B0D390}.Debug|Any CPU.Build.0 = Debug|Any CPU
		{644C9E1F-7A20-4A68-A840-AA84B5B0D390}.Debug|Any CPU.Deploy.0 = Debug|Any CPU
		{644C9E1F-7A20-4A68-A840-AA84B5B0D390}.Debug|ARM.ActiveCfg = Debug|Any CPU
		{644C9E1F-7A20-4A68-A840-AA84B5B0D390}.Debug|ARM.Build.0 = Debug|Any CPU
		{644C9E1F-7A20-4A68-A840-AA84B5B0D390}.Debug|ARM.Deploy.0 = Debug|Any CPU
		{644C9E1F-7A20-4A68-A840-AA84B5B0D390}.Debug|iPhone.ActiveCfg = Debug|Any CPU
		{644C9E1F-7A20-4A68-A840-AA84B5B0D390}.Debug|iPhone.Build.0 = Debug|Any CPU
		{644C9E1F-7A20-4A68-A840-AA84B5B0D390}.Debug|iPhone.Deploy.0 = Debug|Any CPU
		{644C9E1F-7A20-4A68-A840-AA84B5B0D390}.Debug|iPhoneSimulator.ActiveCfg = Debug|Any CPU
		{644C9E1F-7A20-4A68-A840-AA84B5B0D390}.Debug|iPhoneSimulator.Build.0 = Debug|Any CPU
		{644C9E1F-7A20-4A68-A840-AA84B5B0D390}.Debug|iPhoneSimulator.Deploy.0 = Debug|Any CPU
		{644C9E1F-7A20-4A68-A840-AA84B5B0D390}.Debug|x64.ActiveCfg = Debug|Any CPU
		{644C9E1F-7A20-4A68-A840-AA84B5B0D390}.Debug|x64.Build.0 = Debug|Any CPU
		{644C9E1F-7A20-4A68-A840-AA84B5B0D390}.Debug|x64.Deploy.0 = Debug|Any CPU
		{644C9E1F-7A20-4A68-A840-AA84B5B0D390}.Debug|x86.ActiveCfg = Debug|Any CPU
		{644C9E1F-7A20-4A68-A840-AA84B5B0D390}.Debug|x86.Build.0 = Debug|Any CPU
		{644C9E1F-7A20-4A68-A840-AA84B5B0D390}.Debug|x86.Deploy.0 = Debug|Any CPU
		{644C9E1F-7A20-4A68-A840-AA84B5B0D390}.Release|Any CPU.ActiveCfg = Release|Any CPU
		{644C9E1F-7A20-4A68-A840-AA84B5B0D390}.Release|Any CPU.Build.0 = Release|Any CPU
		{644C9E1F-7A20-4A68-A840-AA84B5B0D390}.Release|Any CPU.Deploy.0 = Release|Any CPU
		{644C9E1F-7A20-4A68-A840-AA84B5B0D390}.Release|ARM.ActiveCfg = Release|Any CPU
		{644C9E1F-7A20-4A68-A840-AA84B5B0D390}.Release|ARM.Build.0 = Release|Any CPU
		{644C9E1F-7A20-4A68-A840-AA84B5B0D390}.Release|ARM.Deploy.0 = Release|Any CPU
		{644C9E1F-7A20-4A68-A840-AA84B5B0D390}.Release|iPhone.ActiveCfg = Release|Any CPU
		{644C9E1F-7A20-4A68-A840-AA84B5B0D390}.Release|iPhone.Build.0 = Release|Any CPU
		{644C9E1F-7A20-4A68-A840-AA84B5B0D390}.Release|iPhone.Deploy.0 = Release|Any CPU
		{644C9E1F-7A20-4A68-A840-AA84B5B0D390}.Release|iPhoneSimulator.ActiveCfg = Release|Any CPU
		{644C9E1F-7A20-4A68-A840-AA84B5B0D390}.Release|iPhoneSimulator.Build.0 = Release|Any CPU
		{644C9E1F-7A20-4A68-A840-AA84B5B0D390}.Release|iPhoneSimulator.Deploy.0 = Release|Any CPU
		{644C9E1F-7A20-4A68-A840-AA84B5B0D390}.Release|x64.ActiveCfg = Release|Any CPU
		{644C9E1F-7A20-4A68-A840-AA84B5B0D390}.Release|x64.Build.0 = Release|Any CPU
		{644C9E1F-7A20-4A68-A840-AA84B5B0D390}.Release|x64.Deploy.0 = Release|Any CPU
		{644C9E1F-7A20-4A68-A840-AA84B5B0D390}.Release|x86.ActiveCfg = Release|Any CPU
		{644C9E1F-7A20-4A68-A840-AA84B5B0D390}.Release|x86.Build.0 = Release|Any CPU
		{644C9E1F-7A20-4A68-A840-AA84B5B0D390}.Release|x86.Deploy.0 = Release|Any CPU
		{AED2251B-D754-4526-8DC5-DB57D2D1C630}.Ad-Hoc|Any CPU.ActiveCfg = Release|Any CPU
		{AED2251B-D754-4526-8DC5-DB57D2D1C630}.Ad-Hoc|Any CPU.Build.0 = Release|Any CPU
		{AED2251B-D754-4526-8DC5-DB57D2D1C630}.Ad-Hoc|ARM.ActiveCfg = Release|Any CPU
		{AED2251B-D754-4526-8DC5-DB57D2D1C630}.Ad-Hoc|ARM.Build.0 = Release|Any CPU
		{AED2251B-D754-4526-8DC5-DB57D2D1C630}.Ad-Hoc|iPhone.ActiveCfg = Release|Any CPU
		{AED2251B-D754-4526-8DC5-DB57D2D1C630}.Ad-Hoc|iPhone.Build.0 = Release|Any CPU
		{AED2251B-D754-4526-8DC5-DB57D2D1C630}.Ad-Hoc|iPhoneSimulator.ActiveCfg = Release|Any CPU
		{AED2251B-D754-4526-8DC5-DB57D2D1C630}.Ad-Hoc|iPhoneSimulator.Build.0 = Release|Any CPU
		{AED2251B-D754-4526-8DC5-DB57D2D1C630}.Ad-Hoc|x64.ActiveCfg = Release|Any CPU
		{AED2251B-D754-4526-8DC5-DB57D2D1C630}.Ad-Hoc|x64.Build.0 = Release|Any CPU
		{AED2251B-D754-4526-8DC5-DB57D2D1C630}.Ad-Hoc|x86.ActiveCfg = Release|Any CPU
		{AED2251B-D754-4526-8DC5-DB57D2D1C630}.Ad-Hoc|x86.Build.0 = Release|Any CPU
		{AED2251B-D754-4526-8DC5-DB57D2D1C630}.AppStore|Any CPU.ActiveCfg = Release|Any CPU
		{AED2251B-D754-4526-8DC5-DB57D2D1C630}.AppStore|Any CPU.Build.0 = Release|Any CPU
		{AED2251B-D754-4526-8DC5-DB57D2D1C630}.AppStore|ARM.ActiveCfg = Release|Any CPU
		{AED2251B-D754-4526-8DC5-DB57D2D1C630}.AppStore|ARM.Build.0 = Release|Any CPU
		{AED2251B-D754-4526-8DC5-DB57D2D1C630}.AppStore|iPhone.ActiveCfg = Release|Any CPU
		{AED2251B-D754-4526-8DC5-DB57D2D1C630}.AppStore|iPhone.Build.0 = Release|Any CPU
		{AED2251B-D754-4526-8DC5-DB57D2D1C630}.AppStore|iPhoneSimulator.ActiveCfg = Release|Any CPU
		{AED2251B-D754-4526-8DC5-DB57D2D1C630}.AppStore|iPhoneSimulator.Build.0 = Release|Any CPU
		{AED2251B-D754-4526-8DC5-DB57D2D1C630}.AppStore|x64.ActiveCfg = Release|Any CPU
		{AED2251B-D754-4526-8DC5-DB57D2D1C630}.AppStore|x64.Build.0 = Release|Any CPU
		{AED2251B-D754-4526-8DC5-DB57D2D1C630}.AppStore|x86.ActiveCfg = Release|Any CPU
		{AED2251B-D754-4526-8DC5-DB57D2D1C630}.AppStore|x86.Build.0 = Release|Any CPU
		{AED2251B-D754-4526-8DC5-DB57D2D1C630}.Debug|Any CPU.ActiveCfg = Debug|Any CPU
		{AED2251B-D754-4526-8DC5-DB57D2D1C630}.Debug|Any CPU.Build.0 = Debug|Any CPU
		{AED2251B-D754-4526-8DC5-DB57D2D1C630}.Debug|ARM.ActiveCfg = Debug|Any CPU
		{AED2251B-D754-4526-8DC5-DB57D2D1C630}.Debug|ARM.Build.0 = Debug|Any CPU
		{AED2251B-D754-4526-8DC5-DB57D2D1C630}.Debug|iPhone.ActiveCfg = Debug|Any CPU
		{AED2251B-D754-4526-8DC5-DB57D2D1C630}.Debug|iPhone.Build.0 = Debug|Any CPU
		{AED2251B-D754-4526-8DC5-DB57D2D1C630}.Debug|iPhoneSimulator.ActiveCfg = Debug|Any CPU
		{AED2251B-D754-4526-8DC5-DB57D2D1C630}.Debug|iPhoneSimulator.Build.0 = Debug|Any CPU
		{AED2251B-D754-4526-8DC5-DB57D2D1C630}.Debug|x64.ActiveCfg = Debug|Any CPU
		{AED2251B-D754-4526-8DC5-DB57D2D1C630}.Debug|x64.Build.0 = Debug|Any CPU
		{AED2251B-D754-4526-8DC5-DB57D2D1C630}.Debug|x86.ActiveCfg = Debug|Any CPU
		{AED2251B-D754-4526-8DC5-DB57D2D1C630}.Debug|x86.Build.0 = Debug|Any CPU
		{AED2251B-D754-4526-8DC5-DB57D2D1C630}.Release|Any CPU.ActiveCfg = Release|Any CPU
		{AED2251B-D754-4526-8DC5-DB57D2D1C630}.Release|Any CPU.Build.0 = Release|Any CPU
		{AED2251B-D754-4526-8DC5-DB57D2D1C630}.Release|ARM.ActiveCfg = Release|Any CPU
		{AED2251B-D754-4526-8DC5-DB57D2D1C630}.Release|ARM.Build.0 = Release|Any CPU
		{AED2251B-D754-4526-8DC5-DB57D2D1C630}.Release|iPhone.ActiveCfg = Release|Any CPU
		{AED2251B-D754-4526-8DC5-DB57D2D1C630}.Release|iPhone.Build.0 = Release|Any CPU
		{AED2251B-D754-4526-8DC5-DB57D2D1C630}.Release|iPhoneSimulator.ActiveCfg = Release|Any CPU
		{AED2251B-D754-4526-8DC5-DB57D2D1C630}.Release|iPhoneSimulator.Build.0 = Release|Any CPU
		{AED2251B-D754-4526-8DC5-DB57D2D1C630}.Release|x64.ActiveCfg = Release|Any CPU
		{AED2251B-D754-4526-8DC5-DB57D2D1C630}.Release|x64.Build.0 = Release|Any CPU
		{AED2251B-D754-4526-8DC5-DB57D2D1C630}.Release|x86.ActiveCfg = Release|Any CPU
		{AED2251B-D754-4526-8DC5-DB57D2D1C630}.Release|x86.Build.0 = Release|Any CPU
		{9D2A34E4-8187-4D62-93B2-9A4895C65187}.Ad-Hoc|Any CPU.ActiveCfg = Release|x86
		{9D2A34E4-8187-4D62-93B2-9A4895C65187}.Ad-Hoc|Any CPU.Build.0 = Release|x86
		{9D2A34E4-8187-4D62-93B2-9A4895C65187}.Ad-Hoc|Any CPU.Deploy.0 = Release|x86
		{9D2A34E4-8187-4D62-93B2-9A4895C65187}.Ad-Hoc|ARM.ActiveCfg = Release|ARM
		{9D2A34E4-8187-4D62-93B2-9A4895C65187}.Ad-Hoc|ARM.Build.0 = Release|ARM
		{9D2A34E4-8187-4D62-93B2-9A4895C65187}.Ad-Hoc|ARM.Deploy.0 = Release|ARM
		{9D2A34E4-8187-4D62-93B2-9A4895C65187}.Ad-Hoc|iPhone.ActiveCfg = Release|x86
		{9D2A34E4-8187-4D62-93B2-9A4895C65187}.Ad-Hoc|iPhone.Build.0 = Release|x86
		{9D2A34E4-8187-4D62-93B2-9A4895C65187}.Ad-Hoc|iPhone.Deploy.0 = Release|x86
		{9D2A34E4-8187-4D62-93B2-9A4895C65187}.Ad-Hoc|iPhoneSimulator.ActiveCfg = Release|x86
		{9D2A34E4-8187-4D62-93B2-9A4895C65187}.Ad-Hoc|iPhoneSimulator.Build.0 = Release|x86
		{9D2A34E4-8187-4D62-93B2-9A4895C65187}.Ad-Hoc|iPhoneSimulator.Deploy.0 = Release|x86
		{9D2A34E4-8187-4D62-93B2-9A4895C65187}.Ad-Hoc|x64.ActiveCfg = Release|x64
		{9D2A34E4-8187-4D62-93B2-9A4895C65187}.Ad-Hoc|x64.Build.0 = Release|x64
		{9D2A34E4-8187-4D62-93B2-9A4895C65187}.Ad-Hoc|x64.Deploy.0 = Release|x64
		{9D2A34E4-8187-4D62-93B2-9A4895C65187}.Ad-Hoc|x86.ActiveCfg = Release|x86
		{9D2A34E4-8187-4D62-93B2-9A4895C65187}.Ad-Hoc|x86.Build.0 = Release|x86
		{9D2A34E4-8187-4D62-93B2-9A4895C65187}.Ad-Hoc|x86.Deploy.0 = Release|x86
		{9D2A34E4-8187-4D62-93B2-9A4895C65187}.AppStore|Any CPU.ActiveCfg = Release|x86
		{9D2A34E4-8187-4D62-93B2-9A4895C65187}.AppStore|Any CPU.Build.0 = Release|x86
		{9D2A34E4-8187-4D62-93B2-9A4895C65187}.AppStore|Any CPU.Deploy.0 = Release|x86
		{9D2A34E4-8187-4D62-93B2-9A4895C65187}.AppStore|ARM.ActiveCfg = Release|ARM
		{9D2A34E4-8187-4D62-93B2-9A4895C65187}.AppStore|ARM.Build.0 = Release|ARM
		{9D2A34E4-8187-4D62-93B2-9A4895C65187}.AppStore|ARM.Deploy.0 = Release|ARM
		{9D2A34E4-8187-4D62-93B2-9A4895C65187}.AppStore|iPhone.ActiveCfg = Release|x86
		{9D2A34E4-8187-4D62-93B2-9A4895C65187}.AppStore|iPhone.Build.0 = Release|x86
		{9D2A34E4-8187-4D62-93B2-9A4895C65187}.AppStore|iPhone.Deploy.0 = Release|x86
		{9D2A34E4-8187-4D62-93B2-9A4895C65187}.AppStore|iPhoneSimulator.ActiveCfg = Release|x86
		{9D2A34E4-8187-4D62-93B2-9A4895C65187}.AppStore|iPhoneSimulator.Build.0 = Release|x86
		{9D2A34E4-8187-4D62-93B2-9A4895C65187}.AppStore|iPhoneSimulator.Deploy.0 = Release|x86
		{9D2A34E4-8187-4D62-93B2-9A4895C65187}.AppStore|x64.ActiveCfg = Release|x64
		{9D2A34E4-8187-4D62-93B2-9A4895C65187}.AppStore|x64.Build.0 = Release|x64
		{9D2A34E4-8187-4D62-93B2-9A4895C65187}.AppStore|x64.Deploy.0 = Release|x64
		{9D2A34E4-8187-4D62-93B2-9A4895C65187}.AppStore|x86.ActiveCfg = Release|x86
		{9D2A34E4-8187-4D62-93B2-9A4895C65187}.AppStore|x86.Build.0 = Release|x86
		{9D2A34E4-8187-4D62-93B2-9A4895C65187}.AppStore|x86.Deploy.0 = Release|x86
		{9D2A34E4-8187-4D62-93B2-9A4895C65187}.Debug|Any CPU.ActiveCfg = Debug|x86
		{9D2A34E4-8187-4D62-93B2-9A4895C65187}.Debug|ARM.ActiveCfg = Debug|ARM
		{9D2A34E4-8187-4D62-93B2-9A4895C65187}.Debug|ARM.Build.0 = Debug|ARM
		{9D2A34E4-8187-4D62-93B2-9A4895C65187}.Debug|ARM.Deploy.0 = Debug|ARM
		{9D2A34E4-8187-4D62-93B2-9A4895C65187}.Debug|iPhone.ActiveCfg = Debug|x86
		{9D2A34E4-8187-4D62-93B2-9A4895C65187}.Debug|iPhoneSimulator.ActiveCfg = Debug|x86
		{9D2A34E4-8187-4D62-93B2-9A4895C65187}.Debug|x64.ActiveCfg = Debug|x64
		{9D2A34E4-8187-4D62-93B2-9A4895C65187}.Debug|x64.Build.0 = Debug|x64
		{9D2A34E4-8187-4D62-93B2-9A4895C65187}.Debug|x64.Deploy.0 = Debug|x64
		{9D2A34E4-8187-4D62-93B2-9A4895C65187}.Debug|x86.ActiveCfg = Debug|x86
		{9D2A34E4-8187-4D62-93B2-9A4895C65187}.Debug|x86.Build.0 = Debug|x86
		{9D2A34E4-8187-4D62-93B2-9A4895C65187}.Debug|x86.Deploy.0 = Debug|x86
		{9D2A34E4-8187-4D62-93B2-9A4895C65187}.Release|Any CPU.ActiveCfg = Release|x86
		{9D2A34E4-8187-4D62-93B2-9A4895C65187}.Release|ARM.ActiveCfg = Release|ARM
		{9D2A34E4-8187-4D62-93B2-9A4895C65187}.Release|ARM.Build.0 = Release|ARM
		{9D2A34E4-8187-4D62-93B2-9A4895C65187}.Release|ARM.Deploy.0 = Release|ARM
		{9D2A34E4-8187-4D62-93B2-9A4895C65187}.Release|iPhone.ActiveCfg = Release|x86
		{9D2A34E4-8187-4D62-93B2-9A4895C65187}.Release|iPhoneSimulator.ActiveCfg = Release|x86
		{9D2A34E4-8187-4D62-93B2-9A4895C65187}.Release|x64.ActiveCfg = Release|x64
		{9D2A34E4-8187-4D62-93B2-9A4895C65187}.Release|x64.Build.0 = Release|x64
		{9D2A34E4-8187-4D62-93B2-9A4895C65187}.Release|x64.Deploy.0 = Release|x64
		{9D2A34E4-8187-4D62-93B2-9A4895C65187}.Release|x86.ActiveCfg = Release|x86
		{9D2A34E4-8187-4D62-93B2-9A4895C65187}.Release|x86.Build.0 = Release|x86
		{9D2A34E4-8187-4D62-93B2-9A4895C65187}.Release|x86.Deploy.0 = Release|x86
		{2C76E8D7-74C0-4F8B-929B-1C450EFE684F}.Ad-Hoc|Any CPU.ActiveCfg = Ad-Hoc|iPhone
		{2C76E8D7-74C0-4F8B-929B-1C450EFE684F}.Ad-Hoc|ARM.ActiveCfg = Ad-Hoc|iPhone
		{2C76E8D7-74C0-4F8B-929B-1C450EFE684F}.Ad-Hoc|iPhone.ActiveCfg = Ad-Hoc|iPhone
		{2C76E8D7-74C0-4F8B-929B-1C450EFE684F}.Ad-Hoc|iPhone.Build.0 = Ad-Hoc|iPhone
		{2C76E8D7-74C0-4F8B-929B-1C450EFE684F}.Ad-Hoc|iPhoneSimulator.ActiveCfg = Ad-Hoc|iPhoneSimulator
		{2C76E8D7-74C0-4F8B-929B-1C450EFE684F}.Ad-Hoc|iPhoneSimulator.Build.0 = Ad-Hoc|iPhoneSimulator
		{2C76E8D7-74C0-4F8B-929B-1C450EFE684F}.Ad-Hoc|x64.ActiveCfg = Ad-Hoc|iPhone
		{2C76E8D7-74C0-4F8B-929B-1C450EFE684F}.Ad-Hoc|x86.ActiveCfg = Ad-Hoc|iPhone
		{2C76E8D7-74C0-4F8B-929B-1C450EFE684F}.AppStore|Any CPU.ActiveCfg = AppStore|iPhone
		{2C76E8D7-74C0-4F8B-929B-1C450EFE684F}.AppStore|ARM.ActiveCfg = AppStore|iPhone
		{2C76E8D7-74C0-4F8B-929B-1C450EFE684F}.AppStore|iPhone.ActiveCfg = AppStore|iPhone
		{2C76E8D7-74C0-4F8B-929B-1C450EFE684F}.AppStore|iPhone.Build.0 = AppStore|iPhone
		{2C76E8D7-74C0-4F8B-929B-1C450EFE684F}.AppStore|iPhoneSimulator.ActiveCfg = AppStore|iPhoneSimulator
		{2C76E8D7-74C0-4F8B-929B-1C450EFE684F}.AppStore|iPhoneSimulator.Build.0 = AppStore|iPhoneSimulator
		{2C76E8D7-74C0-4F8B-929B-1C450EFE684F}.AppStore|x64.ActiveCfg = AppStore|iPhone
		{2C76E8D7-74C0-4F8B-929B-1C450EFE684F}.AppStore|x86.ActiveCfg = AppStore|iPhone
		{2C76E8D7-74C0-4F8B-929B-1C450EFE684F}.Debug|Any CPU.ActiveCfg = Debug|iPhone
		{2C76E8D7-74C0-4F8B-929B-1C450EFE684F}.Debug|ARM.ActiveCfg = Debug|iPhone
		{2C76E8D7-74C0-4F8B-929B-1C450EFE684F}.Debug|iPhone.ActiveCfg = Debug|iPhone
		{2C76E8D7-74C0-4F8B-929B-1C450EFE684F}.Debug|iPhone.Build.0 = Debug|iPhone
		{2C76E8D7-74C0-4F8B-929B-1C450EFE684F}.Debug|iPhoneSimulator.ActiveCfg = Debug|iPhoneSimulator
		{2C76E8D7-74C0-4F8B-929B-1C450EFE684F}.Debug|iPhoneSimulator.Build.0 = Debug|iPhoneSimulator
		{2C76E8D7-74C0-4F8B-929B-1C450EFE684F}.Debug|x64.ActiveCfg = Debug|iPhone
		{2C76E8D7-74C0-4F8B-929B-1C450EFE684F}.Debug|x86.ActiveCfg = Debug|iPhone
		{2C76E8D7-74C0-4F8B-929B-1C450EFE684F}.Release|Any CPU.ActiveCfg = Release|iPhone
		{2C76E8D7-74C0-4F8B-929B-1C450EFE684F}.Release|ARM.ActiveCfg = Release|iPhone
		{2C76E8D7-74C0-4F8B-929B-1C450EFE684F}.Release|iPhone.ActiveCfg = Release|iPhone
		{2C76E8D7-74C0-4F8B-929B-1C450EFE684F}.Release|iPhone.Build.0 = Release|iPhone
		{2C76E8D7-74C0-4F8B-929B-1C450EFE684F}.Release|iPhoneSimulator.ActiveCfg = Release|iPhoneSimulator
		{2C76E8D7-74C0-4F8B-929B-1C450EFE684F}.Release|iPhoneSimulator.Build.0 = Release|iPhoneSimulator
		{2C76E8D7-74C0-4F8B-929B-1C450EFE684F}.Release|x64.ActiveCfg = Release|iPhone
		{2C76E8D7-74C0-4F8B-929B-1C450EFE684F}.Release|x86.ActiveCfg = Release|iPhone
	EndGlobalSection
	GlobalSection(SolutionProperties) = preSolution
		HideSolutionNode = FALSE
	EndGlobalSection
EndGlobal
